
Microsoft Visual Studio Solution File, Format Version 12.00
# Visual Studio 15
VisualStudioVersion = 15.0.28010.2050
MinimumVisualStudioVersion = 10.0.40219.1
Project("{FAE04EC0-301F-11D3-BF4B-00C04F79EFBC}") = "Jaz15", "Jaz15\Jaz15.csproj", "{E4E5610B-7C09-4FDD-AC09-44047D49444E}"
EndProject
Global
	GlobalSection(SolutionConfigurationPlatforms) = preSolution
		Debug|Any CPU = Debug|Any CPU
		Release|Any CPU = Release|Any CPU
	EndGlobalSection
	GlobalSection(ProjectConfigurationPlatforms) = postSolution
		{E4E5610B-7C09-4FDD-AC09-44047D49444E}.Debug|Any CPU.ActiveCfg = Debug|Any CPU
		{E4E5610B-7C09-4FDD-AC09-44047D49444E}.Debug|Any CPU.Build.0 = Debug|Any CPU
		{E4E5610B-7C09-4FDD-AC09-44047D49444E}.Release|Any CPU.ActiveCfg = Release|Any CPU
		{E4E5610B-7C09-4FDD-AC09-44047D49444E}.Release|Any CPU.Build.0 = Release|Any CPU
	EndGlobalSection
	GlobalSection(SolutionProperties) = preSolution
		HideSolutionNode = FALSE
	EndGlobalSection
	GlobalSection(ExtensibilityGlobals) = postSolution
		SolutionGuid = {028A5642-17F7-426D-8B01-0F415B37E0E2}
	EndGlobalSection
EndGlobal
